
Microsoft Visual Studio Solution File, Format Version 12.00
Project("{FAE04EC0-301F-11D3-BF4B-00C04F79EFBC}") = "LegoBrickwell", "LegoBrickwell\LegoBrickwell.csproj", "{449317E7-A2F7-47AD-B7A5-849460055D06}"
EndProject
Global
	GlobalSection(SolutionConfigurationPlatforms) = preSolution
		Debug|Any CPU = Debug|Any CPU
		Release|Any CPU = Release|Any CPU
	EndGlobalSection
	GlobalSection(ProjectConfigurationPlatforms) = postSolution
		{449317E7-A2F7-47AD-B7A5-849460055D06}.Debug|Any CPU.ActiveCfg = Debug|Any CPU
		{449317E7-A2F7-47AD-B7A5-849460055D06}.Debug|Any CPU.Build.0 = Debug|Any CPU
		{449317E7-A2F7-47AD-B7A5-849460055D06}.Release|Any CPU.ActiveCfg = Release|Any CPU
		{449317E7-A2F7-47AD-B7A5-849460055D06}.Release|Any CPU.Build.0 = Release|Any CPU
	EndGlobalSection
EndGlobal
